
Microsoft Visual Studio Solution File, Format Version 11.00
# Visual Studio 2010
Project("{8BC9CEB8-8B4A-11D0-8D11-00A0C91BC942}") = "StreetDesigner", "StreetDesigner\StreetDesigner.vcxproj", "{8DF6C9B0-675C-4975-81E2-689AFF8BAA1C}"
EndProject
Project("{8BC9CEB8-8B4A-11D0-8D11-00A0C91BC942}") = "RoadFeatureExplorer", "RoadFeatureExplorer\RoadFeatureExplorer.vcxproj", "{D57CCF10-A6B5-4616-863C-48F812664B03}"
EndProject
Project("{8BC9CEB8-8B4A-11D0-8D11-00A0C91BC942}") = "RoadPreprocessor", "RoadPreprocessor\RoadPreprocessor.vcxproj", "{93992CF9-A4B3-4A70-A046-2909783AD7F4}"
EndProject
Project("{8BC9CEB8-8B4A-11D0-8D11-00A0C91BC942}") = "GSMViewer", "GSMViewer\GSMViewer.vcxproj", "{256EB276-57DF-4353-8653-19135C724A29}"
EndProject
Global
	GlobalSection(SolutionConfigurationPlatforms) = preSolution
		Debug|Win32 = Debug|Win32
		Debug|x64 = Debug|x64
		Release|Win32 = Release|Win32
		Release|x64 = Release|x64
	EndGlobalSection
	GlobalSection(ProjectConfigurationPlatforms) = postSolution
		{8DF6C9B0-675C-4975-81E2-689AFF8BAA1C}.Debug|Win32.ActiveCfg = Debug|Win32
		{8DF6C9B0-675C-4975-81E2-689AFF8BAA1C}.Debug|Win32.Build.0 = Debug|Win32
		{8DF6C9B0-675C-4975-81E2-689AFF8BAA1C}.Debug|x64.ActiveCfg = Debug|x64
		{8DF6C9B0-675C-4975-81E2-689AFF8BAA1C}.Debug|x64.Build.0 = Debug|x64
		{8DF6C9B0-675C-4975-81E2-689AFF8BAA1C}.Release|Win32.ActiveCfg = Release|Win32
		{8DF6C9B0-675C-4975-81E2-689AFF8BAA1C}.Release|Win32.Build.0 = Release|Win32
		{8DF6C9B0-675C-4975-81E2-689AFF8BAA1C}.Release|x64.ActiveCfg = Release|x64
		{8DF6C9B0-675C-4975-81E2-689AFF8BAA1C}.Release|x64.Build.0 = Release|x64
		{D57CCF10-A6B5-4616-863C-48F812664B03}.Debug|Win32.ActiveCfg = Debug|Win32
		{D57CCF10-A6B5-4616-863C-48F812664B03}.Debug|Win32.Build.0 = Debug|Win32
		{D57CCF10-A6B5-4616-863C-48F812664B03}.Debug|x64.ActiveCfg = Debug|x64
		{D57CCF10-A6B5-4616-863C-48F812664B03}.Debug|x64.Build.0 = Debug|x64
		{D57CCF10-A6B5-4616-863C-48F812664B03}.Release|Win32.ActiveCfg = Release|Win32
		{D57CCF10-A6B5-4616-863C-48F812664B03}.Release|Win32.Build.0 = Release|Win32
		{D57CCF10-A6B5-4616-863C-48F812664B03}.Release|x64.ActiveCfg = Release|x64
		{D57CCF10-A6B5-4616-863C-48F812664B03}.Release|x64.Build.0 = Release|x64
		{93992CF9-A4B3-4A70-A046-2909783AD7F4}.Debug|Win32.ActiveCfg = Debug|Win32
		{93992CF9-A4B3-4A70-A046-2909783AD7F4}.Debug|Win32.Build.0 = Debug|Win32
		{93992CF9-A4B3-4A70-A046-2909783AD7F4}.Debug|x64.ActiveCfg = Debug|x64
		{93992CF9-A4B3-4A70-A046-2909783AD7F4}.Release|Win32.ActiveCfg = Release|Win32
		{93992CF9-A4B3-4A70-A046-2909783AD7F4}.Release|Win32.Build.0 = Release|Win32
		{93992CF9-A4B3-4A70-A046-2909783AD7F4}.Release|x64.ActiveCfg = Release|x64
		{93992CF9-A4B3-4A70-A046-2909783AD7F4}.Release|x64.Build.0 = Release|x64
		{256EB276-57DF-4353-8653-19135C724A29}.Debug|Win32.ActiveCfg = Debug|Win32
		{256EB276-57DF-4353-8653-19135C724A29}.Debug|Win32.Build.0 = Debug|Win32
		{256EB276-57DF-4353-8653-19135C724A29}.Debug|x64.ActiveCfg = Debug|x64
		{256EB276-57DF-4353-8653-19135C724A29}.Release|Win32.ActiveCfg = Release|Win32
		{256EB276-57DF-4353-8653-19135C724A29}.Release|Win32.Build.0 = Release|Win32
		{256EB276-57DF-4353-8653-19135C724A29}.Release|x64.ActiveCfg = Release|x64
		{256EB276-57DF-4353-8653-19135C724A29}.Release|x64.Build.0 = Release|x64
	EndGlobalSection
	GlobalSection(SolutionProperties) = preSolution
		HideSolutionNode = FALSE
	EndGlobalSection
EndGlobal
