<?xml version="1.0" encoding="utf-8"?>
<Project ToolsVersion="4.0" xmlns="http://schemas.microsoft.com/developer/msbuild/2003">
  <ItemGroup>
    <Filter Include="Form Files">
      <UniqueIdentifier>{99349809-55BA-4b9d-BF79-8FDBB0286EB3}</UniqueIdentifier>
      <Extensions>ui</Extensions>
    </Filter>
    <Filter Include="Resource Files">
      <UniqueIdentifier>{D9D6E242-F8AF-46E4-B9FD-80ECBC20BA3E}</UniqueIdentifier>
      <Extensions>qrc;*</Extensions>
      <ParseFiles>false</ParseFiles>
    </Filter>
    <Filter Include="Generated Files">
      <UniqueIdentifier>{71ED8ED8-ACB9-4CE9-BBE1-E00B30144E11}</UniqueIdentifier>
      <Extensions>moc;h;cpp</Extensions>
      <SourceControlFiles>False</SourceControlFiles>
    </Filter>
    <Filter Include="Generated Files\Debug">
      <UniqueIdentifier>{6f9aae13-3971-4c3c-93e3-405b0856c7fd}</UniqueIdentifier>
      <Extensions>cpp;moc</Extensions>
      <SourceControlFiles>False</SourceControlFiles>
    </Filter>
    <Filter Include="Generated Files\Release">
      <UniqueIdentifier>{a650f493-8152-4677-bff8-287833957c14}</UniqueIdentifier>
      <Extensions>cpp;moc</Extensions>
      <SourceControlFiles>False</SourceControlFiles>
    </Filter>
    <Filter Include="Files">
      <UniqueIdentifier>{4FC737F1-C7A5-4376-A066-2A32D752A2FF}</UniqueIdentifier>
      <Extensions>cpp;cxx;c;def</Extensions>
    </Filter>
    <Filter Include="mylib">
      <UniqueIdentifier>{27a85f68-c524-4c25-8f01-d84b2f81d78f}</UniqueIdentifier>
    </Filter>
    <Filter Include="mylib\common">
      <UniqueIdentifier>{7dadc957-1804-45f4-9f0e-39dcae2e76be}</UniqueIdentifier>
    </Filter>
    <Filter Include="mylib\road">
      <UniqueIdentifier>{15db3bff-2bd6-4397-8ee1-f80779a039cc}</UniqueIdentifier>
    </Filter>
    <Filter Include="mylib\road\feature">
      <UniqueIdentifier>{ec726995-76c7-4c65-818f-ca19a1cb2d7a}</UniqueIdentifier>
    </Filter>
    <Filter Include="mylib\road\generator">
      <UniqueIdentifier>{30784128-acc4-4d1d-a257-ed6f2a329b0b}</UniqueIdentifier>
    </Filter>
    <Filter Include="mylib\render">
      <UniqueIdentifier>{495e6131-d679-4400-a137-719b41a50ae6}</UniqueIdentifier>
    </Filter>
    <Filter Include="mylib\util">
      <UniqueIdentifier>{66b4d64e-4a68-4174-9103-285c0a461fac}</UniqueIdentifier>
    </Filter>
    <Filter Include="mylib\pm">
      <UniqueIdentifier>{a4abef06-b3ea-48cd-a035-7ef4acdb9268}</UniqueIdentifier>
    </Filter>
  </ItemGroup>
  <ItemGroup>
    <ClCompile Include="main.cpp">
      <Filter>Files</Filter>
    </ClCompile>
    <ClCompile Include="MainWindow.cpp">
      <Filter>Files</Filter>
    </ClCompile>
    <ClCompile Include="GeneratedFiles\qrc_MainWindow.cpp">
      <Filter>Generated Files</Filter>
    </ClCompile>
    <ClCompile Include="GeneratedFiles\Debug\moc_MainWindow.cpp">
      <Filter>Generated Files\Debug</Filter>
    </ClCompile>
    <ClCompile Include="GeneratedFiles\Release\moc_MainWindow.cpp">
      <Filter>Generated Files\Release</Filter>
    </ClCompile>
    <ClCompile Include="..\mylib\road\GraphUtil.cpp">
      <Filter>mylib\road</Filter>
    </ClCompile>
    <ClCompile Include="..\mylib\road\RoadArea.cpp">
      <Filter>mylib\road</Filter>
    </ClCompile>
    <ClCompile Include="..\mylib\road\RoadAreaSet.cpp">
      <Filter>mylib\road</Filter>
    </ClCompile>
    <ClCompile Include="..\mylib\road\RoadEdge.cpp">
      <Filter>mylib\road</Filter>
    </ClCompile>
    <ClCompile Include="..\mylib\road\RoadGraph.cpp">
      <Filter>mylib\road</Filter>
    </ClCompile>
    <ClCompile Include="..\mylib\road\RoadVertex.cpp">
      <Filter>mylib\road</Filter>
    </ClCompile>
    <ClCompile Include="..\mylib\common\BBox.cpp">
      <Filter>mylib\common</Filter>
    </ClCompile>
    <ClCompile Include="..\mylib\common\Polygon2D.cpp">
      <Filter>mylib\common</Filter>
    </ClCompile>
    <ClCompile Include="..\mylib\common\Polyline2D.cpp">
      <Filter>mylib\common</Filter>
    </ClCompile>
    <ClCompile Include="..\mylib\common\Util.cpp">
      <Filter>mylib\common</Filter>
    </ClCompile>
    <ClCompile Include="ControlWidget.cpp">
      <Filter>Files</Filter>
    </ClCompile>
    <ClCompile Include="GeneratedFiles\Debug\moc_ControlWidget.cpp">
      <Filter>Generated Files\Debug</Filter>
    </ClCompile>
    <ClCompile Include="GeneratedFiles\Release\moc_ControlWidget.cpp">
      <Filter>Generated Files\Release</Filter>
    </ClCompile>
    <ClCompile Include="GLWidget3D.cpp">
      <Filter>Files</Filter>
    </ClCompile>
    <ClCompile Include="..\mylib\common\Polyline3D.cpp">
      <Filter>mylib\common</Filter>
    </ClCompile>
    <ClCompile Include="PropertyWidget.cpp">
      <Filter>Files</Filter>
    </ClCompile>
    <ClCompile Include="GeneratedFiles\Debug\moc_PropertyWidget.cpp">
      <Filter>Generated Files\Debug</Filter>
    </ClCompile>
    <ClCompile Include="GeneratedFiles\Release\moc_PropertyWidget.cpp">
      <Filter>Generated Files\Release</Filter>
    </ClCompile>
    <ClCompile Include="..\mylib\common\ColorTable.cpp">
      <Filter>mylib\common</Filter>
    </ClCompile>
    <ClCompile Include="..\mylib\common\ElevationColorTable.cpp">
      <Filter>mylib\common</Filter>
    </ClCompile>
    <ClCompile Include="..\mylib\common\HeatMapColorTable.cpp">
      <Filter>mylib\common</Filter>
    </ClCompile>
    <ClCompile Include="..\mylib\common\global.cpp">
      <Filter>mylib\common</Filter>
    </ClCompile>
    <ClCompile Include="..\mylib\render\GeometryObject.cpp">
      <Filter>mylib\render</Filter>
    </ClCompile>
    <ClCompile Include="..\mylib\render\Noncopyable.cpp">
      <Filter>mylib\render</Filter>
    </ClCompile>
    <ClCompile Include="..\mylib\render\Renderable.cpp">
      <Filter>mylib\render</Filter>
    </ClCompile>
    <ClCompile Include="..\mylib\render\RenderableQuadList.cpp">
      <Filter>mylib\render</Filter>
    </ClCompile>
    <ClCompile Include="..\mylib\render\Renderer.cpp">
      <Filter>mylib\render</Filter>
    </ClCompile>
    <ClCompile Include="..\mylib\render\SimpleSkyBox.cpp">
      <Filter>mylib\render</Filter>
    </ClCompile>
    <ClCompile Include="..\mylib\render\Texture.cpp">
      <Filter>mylib\render</Filter>
    </ClCompile>
    <ClCompile Include="..\mylib\render\TextureManager.cpp">
      <Filter>mylib\render</Filter>
    </ClCompile>
    <ClCompile Include="..\mylib\render\WaterRenderer.cpp">
      <Filter>mylib\render</Filter>
    </ClCompile>
    <ClCompile Include="..\mylib\render\camera_3d.cpp">
      <Filter>mylib\render</Filter>
    </ClCompile>
    <ClCompile Include="..\mylib\util\PolygonBuilder.cpp">
      <Filter>mylib\util</Filter>
    </ClCompile>
    <ClCompile Include="..\mylib\common\ConvexHull.cpp">
      <Filter>mylib\common</Filter>
    </ClCompile>
    <ClCompile Include="..\mylib\render\RendererHelper.cpp">
      <Filter>mylib\render</Filter>
    </ClCompile>
    <ClCompile Include="..\mylib\render\Terrain.cpp">
      <Filter>mylib\render</Filter>
    </ClCompile>
    <ClCompile Include="..\mylib\render\TerrainCell.cpp">
      <Filter>mylib\render</Filter>
    </ClCompile>
    <ClCompile Include="..\mylib\common\Polygon3D.cpp">
      <Filter>mylib\common</Filter>
    </ClCompile>
    <ClCompile Include="..\mylib\render\RenderableConcave.cpp">
      <Filter>mylib\render</Filter>
    </ClCompile>
    <ClCompile Include="..\mylib\pm\Block.cpp">
      <Filter>mylib\pm</Filter>
    </ClCompile>
    <ClCompile Include="BlockGenerator.cpp">
      <Filter>Files</Filter>
    </ClCompile>
    <ClCompile Include="UrbanGeometry.cpp">
      <Filter>Files</Filter>
    </ClCompile>
    <ClCompile Include="GeneratedFiles\Debug\moc_TerrainSizeInputDialog.cpp">
      <Filter>Generated Files\Debug</Filter>
    </ClCompile>
    <ClCompile Include="GeneratedFiles\Release\moc_TerrainSizeInputDialog.cpp">
      <Filter>Generated Files\Release</Filter>
    </ClCompile>
    <ClCompile Include="TerrainSizeInputDialog.cpp">
      <Filter>Files</Filter>
    </ClCompile>
    <ClCompile Include="..\mylib\render\RenderableCircleList.cpp">
      <Filter>mylib\render</Filter>
    </ClCompile>
    <ClCompile Include="..\mylib\render\RenderableCylinderList.cpp">
      <Filter>mylib\render</Filter>
    </ClCompile>
    <ClCompile Include="..\mylib\render\RenderablePolygon.cpp">
      <Filter>mylib\render</Filter>
    </ClCompile>
    <ClCompile Include="..\mylib\road\feature\ExFeature.cpp">
      <Filter>mylib\road\feature</Filter>
    </ClCompile>
    <ClCompile Include="..\mylib\util\PolylineBuilder.cpp">
      <Filter>mylib\util</Filter>
    </ClCompile>
    <ClCompile Include="..\mylib\road\generator\RoadGeneratorHelper.cpp">
      <Filter>mylib\road\generator</Filter>
    </ClCompile>
    <ClCompile Include="..\mylib\road\generator\UShapeRoadGenerator.cpp">
      <Filter>mylib\road\generator</Filter>
    </ClCompile>
    <ClCompile Include="..\mylib\road\generator\MultiExRoadGenerator.cpp">
      <Filter>mylib\road\generator</Filter>
    </ClCompile>
  </ItemGroup>
  <ItemGroup>
    <CustomBuild Include="MainWindow.ui">
      <Filter>Form Files</Filter>
    </CustomBuild>
    <CustomBuild Include="MainWindow.h">
      <Filter>Files</Filter>
    </CustomBuild>
    <CustomBuild Include="ControlWidget.ui">
      <Filter>Form Files</Filter>
    </CustomBuild>
    <CustomBuild Include="MainWindow.qrc">
      <Filter>Resource Files</Filter>
    </CustomBuild>
    <CustomBuild Include="ControlWidget.h">
      <Filter>Files</Filter>
    </CustomBuild>
    <CustomBuild Include="PropertyWidget.ui">
      <Filter>Form Files</Filter>
    </CustomBuild>
    <CustomBuild Include="PropertyWidget.h">
      <Filter>Files</Filter>
    </CustomBuild>
    <CustomBuild Include="TerrainSizeInputDialog.ui">
      <Filter>Form Files</Filter>
    </CustomBuild>
    <CustomBuild Include="TerrainSizeInputDialog.h">
      <Filter>Files</Filter>
    </CustomBuild>
    <CustomBuild Include="PMControlWidget.ui">
      <Filter>Form Files</Filter>
    </CustomBuild>
  </ItemGroup>
  <ItemGroup>
    <ClInclude Include="GeneratedFiles\ui_MainWindow.h">
      <Filter>Generated Files</Filter>
    </ClInclude>
    <ClInclude Include="GeneratedFiles\ui_ControlWidget.h">
      <Filter>Generated Files</Filter>
    </ClInclude>
    <ClInclude Include="..\mylib\road\GraphUtil.h">
      <Filter>mylib\road</Filter>
    </ClInclude>
    <ClInclude Include="..\mylib\road\RoadArea.h">
      <Filter>mylib\road</Filter>
    </ClInclude>
    <ClInclude Include="..\mylib\road\RoadAreaSet.h">
      <Filter>mylib\road</Filter>
    </ClInclude>
    <ClInclude Include="..\mylib\road\RoadEdge.h">
      <Filter>mylib\road</Filter>
    </ClInclude>
    <ClInclude Include="..\mylib\road\RoadGraph.h">
      <Filter>mylib\road</Filter>
    </ClInclude>
    <ClInclude Include="..\mylib\road\RoadVertex.h">
      <Filter>mylib\road</Filter>
    </ClInclude>
    <ClInclude Include="..\mylib\common\BBox.h">
      <Filter>mylib\common</Filter>
    </ClInclude>
    <ClInclude Include="..\mylib\common\Polygon2D.h">
      <Filter>mylib\common</Filter>
    </ClInclude>
    <ClInclude Include="..\mylib\common\Polyline2D.h">
      <Filter>mylib\common</Filter>
    </ClInclude>
    <ClInclude Include="..\mylib\common\Util.h">
      <Filter>mylib\common</Filter>
    </ClInclude>
    <ClInclude Include="GLWidget3D.h">
      <Filter>Files</Filter>
    </ClInclude>
    <ClInclude Include="..\mylib\common\Polyline3D.h">
      <Filter>mylib\common</Filter>
    </ClInclude>
    <ClInclude Include="GeneratedFiles\ui_PropertyWidget.h">
      <Filter>Generated Files</Filter>
    </ClInclude>
    <ClInclude Include="..\mylib\common\ColorTable.h">
      <Filter>mylib\common</Filter>
    </ClInclude>
    <ClInclude Include="..\mylib\common\ElevationColorTable.h">
      <Filter>mylib\common</Filter>
    </ClInclude>
    <ClInclude Include="..\mylib\common\HeatMapColorTable.h">
      <Filter>mylib\common</Filter>
    </ClInclude>
    <ClInclude Include="..\mylib\common\global.h">
      <Filter>mylib\common</Filter>
    </ClInclude>
    <ClInclude Include="..\mylib\render\GeometryObject.h">
      <Filter>mylib\render</Filter>
    </ClInclude>
    <ClInclude Include="..\mylib\render\Noncopyable.h">
      <Filter>mylib\render</Filter>
    </ClInclude>
    <ClInclude Include="..\mylib\render\Renderable.h">
      <Filter>mylib\render</Filter>
    </ClInclude>
    <ClInclude Include="..\mylib\render\RenderableQuadList.h">
      <Filter>mylib\render</Filter>
    </ClInclude>
    <ClInclude Include="..\mylib\render\Renderer.h">
      <Filter>mylib\render</Filter>
    </ClInclude>
    <ClInclude Include="..\mylib\render\SimpleSkyBox.h">
      <Filter>mylib\render</Filter>
    </ClInclude>
    <ClInclude Include="..\mylib\render\Texture.h">
      <Filter>mylib\render</Filter>
    </ClInclude>
    <ClInclude Include="..\mylib\render\TextureManager.h">
      <Filter>mylib\render</Filter>
    </ClInclude>
    <ClInclude Include="..\mylib\render\WaterRenderer.h">
      <Filter>mylib\render</Filter>
    </ClInclude>
    <ClInclude Include="..\mylib\render\camera_3d.h">
      <Filter>mylib\render</Filter>
    </ClInclude>
    <ClInclude Include="..\mylib\util\PolygonBuilder.h">
      <Filter>mylib\util</Filter>
    </ClInclude>
    <ClInclude Include="..\mylib\common\common.h">
      <Filter>mylib\common</Filter>
    </ClInclude>
    <ClInclude Include="..\mylib\common\ConvexHull.h">
      <Filter>mylib\common</Filter>
    </ClInclude>
    <ClInclude Include="..\mylib\render\RendererHelper.h">
      <Filter>mylib\render</Filter>
    </ClInclude>
    <ClInclude Include="..\mylib\render\Terrain.h">
      <Filter>mylib\render</Filter>
    </ClInclude>
    <ClInclude Include="..\mylib\render\TerrainCell.h">
      <Filter>mylib\render</Filter>
    </ClInclude>
    <ClInclude Include="..\mylib\common\Polygon3D.h">
      <Filter>mylib\common</Filter>
    </ClInclude>
    <ClInclude Include="..\mylib\render\RenderableConcave.h">
      <Filter>mylib\render</Filter>
    </ClInclude>
    <ClInclude Include="..\mylib\pm\Block.h">
      <Filter>mylib\pm</Filter>
    </ClInclude>
    <ClInclude Include="BlockGenerator.h">
      <Filter>Files</Filter>
    </ClInclude>
    <ClInclude Include="UrbanGeometry.h">
      <Filter>Files</Filter>
    </ClInclude>
    <ClInclude Include="GeneratedFiles\ui_TerrainSizeInputDialog.h">
      <Filter>Generated Files</Filter>
    </ClInclude>
    <ClInclude Include="..\mylib\render\RenderableCircleList.h">
      <Filter>mylib\render</Filter>
    </ClInclude>
    <ClInclude Include="..\mylib\render\RenderableCylinderList.h">
      <Filter>mylib\render</Filter>
    </ClInclude>
    <ClInclude Include="GeneratedFiles\ui_PMControlWidget.h">
      <Filter>Generated Files</Filter>
    </ClInclude>
    <ClInclude Include="..\mylib\render\RenderablePolygon.h">
      <Filter>mylib\render</Filter>
    </ClInclude>
    <ClInclude Include="..\mylib\road\feature\ExFeature.h">
      <Filter>mylib\road\feature</Filter>
    </ClInclude>
    <ClInclude Include="..\mylib\util\PolylineBuilder.h">
      <Filter>mylib\util</Filter>
    </ClInclude>
    <ClInclude Include="..\mylib\road\generator\RoadGeneratorHelper.h">
      <Filter>mylib\road\generator</Filter>
    </ClInclude>
    <ClInclude Include="..\mylib\road\generator\UShapeRoadGenerator.h">
      <Filter>mylib\road\generator</Filter>
    </ClInclude>
    <ClInclude Include="..\mylib\road\generator\MultiExRoadGenerator.h">
      <Filter>mylib\road\generator</Filter>
    </ClInclude>
  </ItemGroup>
</Project>